// !$*UTF8*$!
{
	archiveVersion = 1;
	classes = {
	};
	objectVersion = 56;
	objects = {

/* Begin PBXBuildFile section */
		3F3A25D52BA399E00051C218 /* AppDelegate.swift in Sources */ = {isa = PBXBuildFile; fileRef = 3F3A25D42BA399E00051C218 /* AppDelegate.swift */; };
		3F3A25D72BA399E00051C218 /* SceneDelegate.swift in Sources */ = {isa = PBXBuildFile; fileRef = 3F3A25D62BA399E00051C218 /* SceneDelegate.swift */; };
		3F3A25D92BA399E00051C218 /* ViewController.swift in Sources */ = {isa = PBXBuildFile; fileRef = 3F3A25D82BA399E00051C218 /* ViewController.swift */; };
		3F3A25DC2BA399E00051C218 /* Base in Resources */ = {isa = PBXBuildFile; fileRef = 3F3A25DB2BA399E00051C218 /* Base */; };
		3F3A25DE2BA399E20051C218 /* Assets.xcassets in Resources */ = {isa = PBXBuildFile; fileRef = 3F3A25DD2BA399E20051C218 /* Assets.xcassets */; };
		3F3A25E12BA399E20051C218 /* Base in Resources */ = {isa = PBXBuildFile; fileRef = 3F3A25E02BA399E20051C218 /* Base */; };
		3F3A25EC2BA399E30051C218 /* TableViewControllerAppTests.swift in Sources */ = {isa = PBXBuildFile; fileRef = 3F3A25EB2BA399E30051C218 /* TableViewControllerAppTests.swift */; };
		3F3A25F62BA399E30051C218 /* TableViewControllerAppUITests.swift in Sources */ = {isa = PBXBuildFile; fileRef = 3F3A25F52BA399E30051C218 /* TableViewControllerAppUITests.swift */; };
		3F3A25F82BA399E30051C218 /* TableViewControllerAppUITestsLaunchTests.swift in Sources */ = {isa = PBXBuildFile; fileRef = 3F3A25F72BA399E30051C218 /* TableViewControllerAppUITestsLaunchTests.swift */; };
/* End PBXBuildFile section */

/* Begin PBXContainerItemProxy section */
		3F3A25E82BA399E30051C218 /* PBXContainerItemProxy */ = {
			isa = PBXContainerItemProxy;
			containerPortal = 3F3A25C92BA399E00051C218 /* Project object */;
			proxyType = 1;
			remoteGlobalIDString = 3F3A25D02BA399E00051C218;
			remoteInfo = TableViewControllerApp;
		};
		3F3A25F22BA399E30051C218 /* PBXContainerItemProxy */ = {
			isa = PBXContainerItemProxy;
			containerPortal = 3F3A25C92BA399E00051C218 /* Project object */;
			proxyType = 1;
			remoteGlobalIDString = 3F3A25D02BA399E00051C218;
			remoteInfo = TableViewControllerApp;
		};
/* End PBXContainerItemProxy section */

/* Begin PBXFileReference section */
		3F3A25D12BA399E00051C218 /* TableViewControllerApp.app */ = {isa = PBXFileReference; explicitFileType = wrapper.application; includeInIndex = 0; path = TableViewControllerApp.app; sourceTree = BUILT_PRODUCTS_DIR; };
		3F3A25D42BA399E00051C218 /* AppDelegate.swift */ = {isa = PBXFileReference; lastKnownFileType = sourcecode.swift; path = AppDelegate.swift; sourceTree = "<group>"; };
		3F3A25D62BA399E00051C218 /* SceneDelegate.swift */ = {isa = PBXFileReference; lastKnownFileType = sourcecode.swift; path = SceneDelegate.swift; sourceTree = "<group>"; };
		3F3A25D82BA399E00051C218 /* ViewController.swift */ = {isa = PBXFileReference; lastKnownFileType = sourcecode.swift; path = ViewController.swift; sourceTree = "<group>"; };
		3F3A25DB2BA399E00051C218 /* Base */ = {isa = PBXFileReference; lastKnownFileType = file.storyboard; name = Base; path = Base.lproj/Main.storyboard; sourceTree = "<group>"; };
		3F3A25DD2BA399E20051C218 /* Assets.xcassets */ = {isa = PBXFileReference; lastKnownFileType = folder.assetcatalog; path = Assets.xcassets; sourceTree = "<group>"; };
		3F3A25E02BA399E20051C218 /* Base */ = {isa = PBXFileReference; lastKnownFileType = file.storyboard; name = Base; path = Base.lproj/LaunchScreen.storyboard; sourceTree = "<group>"; };
		3F3A25E22BA399E20051C218 /* Info.plist */ = {isa = PBXFileReference; lastKnownFileType = text.plist.xml; path = Info.plist; sourceTree = "<group>"; };
		3F3A25E72BA399E30051C218 /* TableViewControllerAppTests.xctest */ = {isa = PBXFileReference; explicitFileType = wrapper.cfbundle; includeInIndex = 0; path = TableViewControllerAppTests.xctest; sourceTree = BUILT_PRODUCTS_DIR; };
		3F3A25EB2BA399E30051C218 /* TableViewControllerAppTests.swift */ = {isa = PBXFileReference; lastKnownFileType = sourcecode.swift; path = TableViewControllerAppTests.swift; sourceTree = "<group>"; };
		3F3A25F12BA399E30051C218 /* TableViewControllerAppUITests.xctest */ = {isa = PBXFileReference; explicitFileType = wrapper.cfbundle; includeInIndex = 0; path = TableViewControllerAppUITests.xctest; sourceTree = BUILT_PRODUCTS_DIR; };
		3F3A25F52BA399E30051C218 /* TableViewControllerAppUITests.swift */ = {isa = PBXFileReference; lastKnownFileType = sourcecode.swift; path = TableViewControllerAppUITests.swift; sourceTree = "<group>"; };
		3F3A25F72BA399E30051C218 /* TableViewControllerAppUITestsLaunchTests.swift */ = {isa = PBXFileReference; lastKnownFileType = sourcecode.swift; path = TableViewControllerAppUITestsLaunchTests.swift; sourceTree = "<group>"; };
/* End PBXFileReference section */

/* Begin PBXFrameworksBuildPhase section */
		3F3A25CE2BA399E00051C218 /* Frameworks */ = {
			isa = PBXFrameworksBuildPhase;
			buildActionMask = 2147483647;
			files = (
			);
			runOnlyForDeploymentPostprocessing = 0;
		};
		3F3A25E42BA399E30051C218 /* Frameworks */ = {
			isa = PBXFrameworksBuildPhase;
			buildActionMask = 2147483647;
			files = (
			);
			runOnlyForDeploymentPostprocessing = 0;
		};
		3F3A25EE2BA399E30051C218 /* Frameworks */ = {
			isa = PBXFrameworksBuildPhase;
			buildActionMask = 2147483647;
			files = (
			);
			runOnlyForDeploymentPostprocessing = 0;
		};
/* End PBXFrameworksBuildPhase section */

/* Begin PBXGroup section */
		3F3A25C82BA399E00051C218 = {
			isa = PBXGroup;
			children = (
				3F3A25D32BA399E00051C218 /* TableViewControllerApp */,
				3F3A25EA2BA399E30051C218 /* TableViewControllerAppTests */,
				3F3A25F42BA399E30051C218 /* TableViewControllerAppUITests */,
				3F3A25D22BA399E00051C218 /* Products */,
			);
			sourceTree = "<group>";
		};
		3F3A25D22BA399E00051C218 /* Products */ = {
			isa = PBXGroup;
			children = (
				3F3A25D12BA399E00051C218 /* TableViewControllerApp.app */,
				3F3A25E72BA399E30051C218 /* TableViewControllerAppTests.xctest */,
				3F3A25F12BA399E30051C218 /* TableViewControllerAppUITests.xctest */,
			);
			name = Products;
			sourceTree = "<group>";
		};
		3F3A25D32BA399E00051C218 /* TableViewControllerApp */ = {
			isa = PBXGroup;
			children = (
				3F3A25D42BA399E00051C218 /* AppDelegate.swift */,
				3F3A25D62BA399E00051C218 /* SceneDelegate.swift */,
				3F3A25D82BA399E00051C218 /* ViewController.swift */,
				3F3A25DA2BA399E00051C218 /* Main.storyboard */,
				3F3A25DD2BA399E20051C218 /* Assets.xcassets */,
				3F3A25DF2BA399E20051C218 /* LaunchScreen.storyboard */,
				3F3A25E22BA399E20051C218 /* Info.plist */,
			);
			path = TableViewControllerApp;
			sourceTree = "<group>";
		};
		3F3A25EA2BA399E30051C218 /* TableViewControllerAppTests */ = {
			isa = PBXGroup;
			children = (
				3F3A25EB2BA399E30051C218 /* TableViewControllerAppTests.swift */,
			);
			path = TableViewControllerAppTests;
			sourceTree = "<group>";
		};
		3F3A25F42BA399E30051C218 /* TableViewControllerAppUITests */ = {
			isa = PBXGroup;
			children = (
				3F3A25F52BA399E30051C218 /* TableViewControllerAppUITests.swift */,
				3F3A25F72BA399E30051C218 /* TableViewControllerAppUITestsLaunchTests.swift */,
			);
			path = TableViewControllerAppUITests;
			sourceTree = "<group>";
		};
/* End PBXGroup section */

/* Begin PBXNativeTarget section */
		3F3A25D02BA399E00051C218 /* TableViewControllerApp */ = {
			isa = PBXNativeTarget;
			buildConfigurationList = 3F3A25FB2BA399E30051C218 /* Build configuration list for PBXNativeTarget "TableViewControllerApp" */;
			buildPhases = (
				3F3A25CD2BA399E00051C218 /* Sources */,
				3F3A25CE2BA399E00051C218 /* Frameworks */,
				3F3A25CF2BA399E00051C218 /* Resources */,
			);
			buildRules = (
			);
			dependencies = (
			);
			name = TableViewControllerApp;
			productName = TableViewControllerApp;
			productReference = 3F3A25D12BA399E00051C218 /* TableViewControllerApp.app */;
			productType = "com.apple.product-type.application";
		};
		3F3A25E62BA399E30051C218 /* TableViewControllerAppTests */ = {
			isa = PBXNativeTarget;
			buildConfigurationList = 3F3A25FE2BA399E30051C218 /* Build configuration list for PBXNativeTarget "TableViewControllerAppTests" */;
			buildPhases = (
				3F3A25E32BA399E30051C218 /* Sources */,
				3F3A25E42BA399E30051C218 /* Frameworks */,
				3F3A25E52BA399E30051C218 /* Resources */,
			);
			buildRules = (
			);
			dependencies = (
				3F3A25E92BA399E30051C218 /* PBXTargetDependency */,
			);
			name = TableViewControllerAppTests;
			productName = TableViewControllerAppTests;
			productReference = 3F3A25E72BA399E30051C218 /* TableViewControllerAppTests.xctest */;
			productType = "com.apple.product-type.bundle.unit-test";
		};
		3F3A25F02BA399E30051C218 /* TableViewControllerAppUITests */ = {
			isa = PBXNativeTarget;
			buildConfigurationList = 3F3A26012BA399E30051C218 /* Build configuration list for PBXNativeTarget "TableViewControllerAppUITests" */;
			buildPhases = (
				3F3A25ED2BA399E30051C218 /* Sources */,
				3F3A25EE2BA399E30051C218 /* Frameworks */,
				3F3A25EF2BA399E30051C218 /* Resources */,
			);
			buildRules = (
			);
			dependencies = (
				3F3A25F32BA399E30051C218 /* PBXTargetDependency */,
			);
			name = TableViewControllerAppUITests;
			productName = TableViewControllerAppUITests;
			productReference = 3F3A25F12BA399E30051C218 /* TableViewControllerAppUITests.xctest */;
			productType = "com.apple.product-type.bundle.ui-testing";
		};
/* End PBXNativeTarget section */

/* Begin PBXProject section */
		3F3A25C92BA399E00051C218 /* Project object */ = {
			isa = PBXProject;
			attributes = {
				BuildIndependentTargetsInParallel = 1;
				LastSwiftUpdateCheck = 1530;
				LastUpgradeCheck = 1530;
				TargetAttributes = {
					3F3A25D02BA399E00051C218 = {
						CreatedOnToolsVersion = 15.3;
					};
					3F3A25E62BA399E30051C218 = {
						CreatedOnToolsVersion = 15.3;
						TestTargetID = 3F3A25D02BA399E00051C218;
					};
					3F3A25F02BA399E30051C218 = {
						CreatedOnToolsVersion = 15.3;
						TestTargetID = 3F3A25D02BA399E00051C218;
					};
				};
			};
			buildConfigurationList = 3F3A25CC2BA399E00051C218 /* Build configuration list for PBXProject "TableViewControllerApp" */;
			compatibilityVersion = "Xcode 14.0";
			developmentRegion = en;
			hasScannedForEncodings = 0;
			knownRegions = (
				en,
				Base,
			);
			mainGroup = 3F3A25C82BA399E00051C218;
			productRefGroup = 3F3A25D22BA399E00051C218 /* Products */;
			projectDirPath = "";
			projectRoot = "";
			targets = (
				3F3A25D02BA399E00051C218 /* TableViewControllerApp */,
				3F3A25E62BA399E30051C218 /* TableViewControllerAppTests */,
				3F3A25F02BA399E30051C218 /* TableViewControllerAppUITests */,
			);
		};
/* End PBXProject section */

/* Begin PBXResourcesBuildPhase section */
		3F3A25CF2BA399E00051C218 /* Resources */ = {
			isa = PBXResourcesBuildPhase;
			buildActionMask = 2147483647;
			files = (
				3F3A25DE2BA399E20051C218 /* Assets.xcassets in Resources */,
				3F3A25E12BA399E20051C218 /* Base in Resources */,
				3F3A25DC2BA399E00051C218 /* Base in Resources */,
			);
			runOnlyForDeploymentPostprocessing = 0;
		};
		3F3A25E52BA399E30051C218 /* Resources */ = {
			isa = PBXResourcesBuildPhase;
			buildActionMask = 2147483647;
			files = (
			);
			runOnlyForDeploymentPostprocessing = 0;
		};
		3F3A25EF2BA399E30051C218 /* Resources */ = {
			isa = PBXResourcesBuildPhase;
			buildActionMask = 2147483647;
			files = (
			);
			runOnlyForDeploymentPostprocessing = 0;
		};
/* End PBXResourcesBuildPhase section */

/* Begin PBXSourcesBuildPhase section */
		3F3A25CD2BA399E00051C218 /* Sources */ = {
			isa = PBXSourcesBuildPhase;
			buildActionMask = 2147483647;
			files = (
				3F3A25D92BA399E00051C218 /* ViewController.swift in Sources */,
				3F3A25D52BA399E00051C218 /* AppDelegate.swift in Sources */,
				3F3A25D72BA399E00051C218 /* SceneDelegate.swift in Sources */,
			);
			runOnlyForDeploymentPostprocessing = 0;
		};
		3F3A25E32BA399E30051C218 /* Sources */ = {
			isa = PBXSourcesBuildPhase;
			buildActionMask = 2147483647;
			files = (
				3F3A25EC2BA399E30051C218 /* TableViewControllerAppTests.swift in Sources */,
			);
			runOnlyForDeploymentPostprocessing = 0;
		};
		3F3A25ED2BA399E30051C218 /* Sources */ = {
			isa = PBXSourcesBuildPhase;
			buildActionMask = 2147483647;
			files = (
				3F3A25F82BA399E30051C218 /* TableViewControllerAppUITestsLaunchTests.swift in Sources */,
				3F3A25F62BA399E30051C218 /* TableViewControllerAppUITests.swift in Sources */,
			);
			runOnlyForDeploymentPostprocessing = 0;
		};
/* End PBXSourcesBuildPhase section */

/* Begin PBXTargetDependency section */
		3F3A25E92BA399E30051C218 /* PBXTargetDependency */ = {
			isa = PBXTargetDependency;
			target = 3F3A25D02BA399E00051C218 /* TableViewControllerApp */;
			targetProxy = 3F3A25E82BA399E30051C218 /* PBXContainerItemProxy */;
		};
		3F3A25F32BA399E30051C218 /* PBXTargetDependency */ = {
			isa = PBXTargetDependency;
			target = 3F3A25D02BA399E00051C218 /* TableViewControllerApp */;
			targetProxy = 3F3A25F22BA399E30051C218 /* PBXContainerItemProxy */;
		};
/* End PBXTargetDependency section */

/* Begin PBXVariantGroup section */
		3F3A25DA2BA399E00051C218 /* Main.storyboard */ = {
			isa = PBXVariantGroup;
			children = (
				3F3A25DB2BA399E00051C218 /* Base */,
			);
			name = Main.storyboard;
			sourceTree = "<group>";
		};
		3F3A25DF2BA399E20051C218 /* LaunchScreen.storyboard */ = {
			isa = PBXVariantGroup;
			children = (
				3F3A25E02BA399E20051C218 /* Base */,
			);
			name = LaunchScreen.storyboard;
			sourceTree = "<group>";
		};
/* End PBXVariantGroup section */

/* Begin XCBuildConfiguration section */
		3F3A25F92BA399E30051C218 /* Debug */ = {
			isa = XCBuildConfiguration;
			buildSettings = {
				ALWAYS_SEARCH_USER_PATHS = NO;
				ASSETCATALOG_COMPILER_GENERATE_SWIFT_ASSET_SYMBOL_EXTENSIONS = YES;
				CLANG_ANALYZER_NONNULL = YES;
				CLANG_ANALYZER_NUMBER_OBJECT_CONVERSION = YES_AGGRESSIVE;
				CLANG_CXX_LANGUAGE_STANDARD = "gnu++20";
				CLANG_ENABLE_MODULES = YES;
				CLANG_ENABLE_OBJC_ARC = YES;
				CLANG_ENABLE_OBJC_WEAK = YES;
				CLANG_WARN_BLOCK_CAPTURE_AUTORELEASING = YES;
				CLANG_WARN_BOOL_CONVERSION = YES;
				CLANG_WARN_COMMA = YES;
				CLANG_WARN_CONSTANT_CONVERSION = YES;
				CLANG_WARN_DEPRECATED_OBJC_IMPLEMENTATIONS = YES;
				CLANG_WARN_DIRECT_OBJC_ISA_USAGE = YES_ERROR;
				CLANG_WARN_DOCUMENTATION_COMMENTS = YES;
				CLANG_WARN_EMPTY_BODY = YES;
				CLANG_WARN_ENUM_CONVERSION = YES;
				CLANG_WARN_INFINITE_RECURSION = YES;
				CLANG_WARN_INT_CONVERSION = YES;
				CLANG_WARN_NON_LITERAL_NULL_CONVERSION = YES;
				CLANG_WARN_OBJC_IMPLICIT_RETAIN_SELF = YES;
				CLANG_WARN_OBJC_LITERAL_CONVERSION = YES;
				CLANG_WARN_OBJC_ROOT_CLASS = YES_ERROR;
				CLANG_WARN_QUOTED_INCLUDE_IN_FRAMEWORK_HEADER = YES;
				CLANG_WARN_RANGE_LOOP_ANALYSIS = YES;
				CLANG_WARN_STRICT_PROTOTYPES = YES;
				CLANG_WARN_SUSPICIOUS_MOVE = YES;
				CLANG_WARN_UNGUARDED_AVAILABILITY = YES_AGGRESSIVE;
				CLANG_WARN_UNREACHABLE_CODE = YES;
				CLANG_WARN__DUPLICATE_METHOD_MATCH = YES;
				COPY_PHASE_STRIP = NO;
				DEBUG_INFORMATION_FORMAT = dwarf;
				ENABLE_STRICT_OBJC_MSGSEND = YES;
				ENABLE_TESTABILITY = YES;
				ENABLE_USER_SCRIPT_SANDBOXING = YES;
				GCC_C_LANGUAGE_STANDARD = gnu17;
				GCC_DYNAMIC_NO_PIC = NO;
				GCC_NO_COMMON_BLOCKS = YES;
				GCC_OPTIMIZATION_LEVEL = 0;
				GCC_PREPROCESSOR_DEFINITIONS = (
					"DEBUG=1",
					"$(inherited)",
				);
				GCC_WARN_64_TO_32_BIT_CONVERSION = YES;
				GCC_WARN_ABOUT_RETURN_TYPE = YES_ERROR;
				GCC_WARN_UNDECLARED_SELECTOR = YES;
				GCC_WARN_UNINITIALIZED_AUTOS = YES_AGGRESSIVE;
				GCC_WARN_UNUSED_FUNCTION = YES;
				GCC_WARN_UNUSED_VARIABLE = YES;
				IPHONEOS_DEPLOYMENT_TARGET = 17.4;
				LOCALIZATION_PREFERS_STRING_CATALOGS = YES;
				MTL_ENABLE_DEBUG_INFO = INCLUDE_SOURCE;
				MTL_FAST_MATH = YES;
				ONLY_ACTIVE_ARCH = YES;
				SDKROOT = iphoneos;
				SWIFT_ACTIVE_COMPILATION_CONDITIONS = "DEBUG $(inherited)";
				SWIFT_OPTIMIZATION_LEVEL = "-Onone";
			};
			name = Debug;
		};
		3F3A25FA2BA399E30051C218 /* Release */ = {
			isa = XCBuildConfiguration;
			buildSettings = {
				ALWAYS_SEARCH_USER_PATHS = NO;
				ASSETCATALOG_COMPILER_GENERATE_SWIFT_ASSET_SYMBOL_EXTENSIONS = YES;
				CLANG_ANALYZER_NONNULL = YES;
				CLANG_ANALYZER_NUMBER_OBJECT_CONVERSION = YES_AGGRESSIVE;
				CLANG_CXX_LANGUAGE_STANDARD = "gnu++20";
				CLANG_ENABLE_MODULES = YES;
				CLANG_ENABLE_OBJC_ARC = YES;
				CLANG_ENABLE_OBJC_WEAK = YES;
				CLANG_WARN_BLOCK_CAPTURE_AUTORELEASING = YES;
				CLANG_WARN_BOOL_CONVERSION = YES;
				CLANG_WARN_COMMA = YES;
				CLANG_WARN_CONSTANT_CONVERSION = YES;
				CLANG_WARN_DEPRECATED_OBJC_IMPLEMENTATIONS = YES;
				CLANG_WARN_DIRECT_OBJC_ISA_USAGE = YES_ERROR;
				CLANG_WARN_DOCUMENTATION_COMMENTS = YES;
				CLANG_WARN_EMPTY_BODY = YES;
				CLANG_WARN_ENUM_CONVERSION = YES;
				CLANG_WARN_INFINITE_RECURSION = YES;
				CLANG_WARN_INT_CONVERSION = YES;
				CLANG_WARN_NON_LITERAL_NULL_CONVERSION = YES;
				CLANG_WARN_OBJC_IMPLICIT_RETAIN_SELF = YES;
				CLANG_WARN_OBJC_LITERAL_CONVERSION = YES;
				CLANG_WARN_OBJC_ROOT_CLASS = YES_ERROR;
				CLANG_WARN_QUOTED_INCLUDE_IN_FRAMEWORK_HEADER = YES;
				CLANG_WARN_RANGE_LOOP_ANALYSIS = YES;
				CLANG_WARN_STRICT_PROTOTYPES = YES;
				CLANG_WARN_SUSPICIOUS_MOVE = YES;
				CLANG_WARN_UNGUARDED_AVAILABILITY = YES_AGGRESSIVE;
				CLANG_WARN_UNREACHABLE_CODE = YES;
				CLANG_WARN__DUPLICATE_METHOD_MATCH = YES;
				COPY_PHASE_STRIP = NO;
				DEBUG_INFORMATION_FORMAT = "dwarf-with-dsym";
				ENABLE_NS_ASSERTIONS = NO;
				ENABLE_STRICT_OBJC_MSGSEND = YES;
				ENABLE_USER_SCRIPT_SANDBOXING = YES;
				GCC_C_LANGUAGE_STANDARD = gnu17;
				GCC_NO_COMMON_BLOCKS = YES;
				GCC_WARN_64_TO_32_BIT_CONVERSION = YES;
				GCC_WARN_ABOUT_RETURN_TYPE = YES_ERROR;
				GCC_WARN_UNDECLARED_SELECTOR = YES;
				GCC_WARN_UNINITIALIZED_AUTOS = YES_AGGRESSIVE;
				GCC_WARN_UNUSED_FUNCTION = YES;
				GCC_WARN_UNUSED_VARIABLE = YES;
				IPHONEOS_DEPLOYMENT_TARGET = 17.4;
				LOCALIZATION_PREFERS_STRING_CATALOGS = YES;
				MTL_ENABLE_DEBUG_INFO = NO;
				MTL_FAST_MATH = YES;
				SDKROOT = iphoneos;
				SWIFT_COMPILATION_MODE = wholemodule;
				VALIDATE_PRODUCT = YES;
			};
			name = Release;
		};
		3F3A25FC2BA399E30051C218 /* Debug */ = {
			isa = XCBuildConfiguration;
			buildSettings = {
				ASSETCATALOG_COMPILER_APPICON_NAME = AppIcon;
				ASSETCATALOG_COMPILER_GLOBAL_ACCENT_COLOR_NAME = AccentColor;
				CODE_SIGN_STYLE = Automatic;
				CURRENT_PROJECT_VERSION = 1;
				GENERATE_INFOPLIST_FILE = YES;
				INFOPLIST_FILE = TableViewControllerApp/Info.plist;
				INFOPLIST_KEY_UIApplicationSupportsIndirectInputEvents = YES;
				INFOPLIST_KEY_UILaunchStoryboardName = LaunchScreen;
				INFOPLIST_KEY_UIMainStoryboardFile = Main;
				INFOPLIST_KEY_UISupportedInterfaceOrientations_iPad = "UIInterfaceOrientationPortrait UIInterfaceOrientationPortraitUpsideDown UIInterfaceOrientationLandscapeLeft UIInterfaceOrientationLandscapeRight";
				INFOPLIST_KEY_UISupportedInterfaceOrientations_iPhone = "UIInterfaceOrientationPortrait UIInterfaceOrientationLandscapeLeft UIInterfaceOrientationLandscapeRight";
				LD_RUNPATH_SEARCH_PATHS = (
					"$(inherited)",
					"@executable_path/Frameworks",
				);
				MARKETING_VERSION = 1.0;
				PRODUCT_BUNDLE_IDENTIFIER = KClay.TableViewControllerApp;
				PRODUCT_NAME = "$(TARGET_NAME)";
				SWIFT_EMIT_LOC_STRINGS = YES;
				SWIFT_VERSION = 5.0;
				TARGETED_DEVICE_FAMILY = "1,2";
			};
			name = Debug;
		};
		3F3A25FD2BA399E30051C218 /* Release */ = {
			isa = XCBuildConfiguration;
			buildSettings = {
				ASSETCATALOG_COMPILER_APPICON_NAME = AppIcon;
				ASSETCATALOG_COMPILER_GLOBAL_ACCENT_COLOR_NAME = AccentColor;
				CODE_SIGN_STYLE = Automatic;
				CURRENT_PROJECT_VERSION = 1;
				GENERATE_INFOPLIST_FILE = YES;
				INFOPLIST_FILE = TableViewControllerApp/Info.plist;
				INFOPLIST_KEY_UIApplicationSupportsIndirectInputEvents = YES;
				INFOPLIST_KEY_UILaunchStoryboardName = LaunchScreen;
				INFOPLIST_KEY_UIMainStoryboardFile = Main;
				INFOPLIST_KEY_UISupportedInterfaceOrientations_iPad = "UIInterfaceOrientationPortrait UIInterfaceOrientationPortraitUpsideDown UIInterfaceOrientationLandscapeLeft UIInterfaceOrientationLandscapeRight";
				INFOPLIST_KEY_UISupportedInterfaceOrientations_iPhone = "UIInterfaceOrientationPortrait UIInterfaceOrientationLandscapeLeft UIInterfaceOrientationLandscapeRight";
				LD_RUNPATH_SEARCH_PATHS = (
					"$(inherited)",
					"@executable_path/Frameworks",
				);
				MARKETING_VERSION = 1.0;
				PRODUCT_BUNDLE_IDENTIFIER = KClay.TableViewControllerApp;
				PRODUCT_NAME = "$(TARGET_NAME)";
				SWIFT_EMIT_LOC_STRINGS = YES;
				SWIFT_VERSION = 5.0;
				TARGETED_DEVICE_FAMILY = "1,2";
			};
			name = Release;
		};
		3F3A25FF2BA399E30051C218 /* Debug */ = {
			isa = XCBuildConfiguration;
			buildSettings = {
				ALWAYS_EMBED_SWIFT_STANDARD_LIBRARIES = YES;
				BUNDLE_LOADER = "$(TEST_HOST)";
				CODE_SIGN_STYLE = Automatic;
				CURRENT_PROJECT_VERSION = 1;
				GENERATE_INFOPLIST_FILE = YES;
				IPHONEOS_DEPLOYMENT_TARGET = 17.4;
				MARKETING_VERSION = 1.0;
				PRODUCT_BUNDLE_IDENTIFIER = KClay.TableViewControllerAppTests;
				PRODUCT_NAME = "$(TARGET_NAME)";
				SWIFT_EMIT_LOC_STRINGS = NO;
				SWIFT_VERSION = 5.0;
				TARGETED_DEVICE_FAMILY = "1,2";
				TEST_HOST = "$(BUILT_PRODUCTS_DIR)/TableViewControllerApp.app/$(BUNDLE_EXECUTABLE_FOLDER_PATH)/TableViewControllerApp";
			};
			name = Debug;
		};
		3F3A26002BA399E30051C218 /* Release */ = {
			isa = XCBuildConfiguration;
			buildSettings = {
				ALWAYS_EMBED_SWIFT_STANDARD_LIBRARIES = YES;
				BUNDLE_LOADER = "$(TEST_HOST)";
				CODE_SIGN_STYLE = Automatic;
				CURRENT_PROJECT_VERSION = 1;
				GENERATE_INFOPLIST_FILE = YES;
				IPHONEOS_DEPLOYMENT_TARGET = 17.4;
				MARKETING_VERSION = 1.0;
				PRODUCT_BUNDLE_IDENTIFIER = KClay.TableViewControllerAppTests;
				PRODUCT_NAME = "$(TARGET_NAME)";
				SWIFT_EMIT_LOC_STRINGS = NO;
				SWIFT_VERSION = 5.0;
				TARGETED_DEVICE_FAMILY = "1,2";
				TEST_HOST = "$(BUILT_PRODUCTS_DIR)/TableViewControllerApp.app/$(BUNDLE_EXECUTABLE_FOLDER_PATH)/TableViewControllerApp";
			};
			name = Release;
		};
		3F3A26022BA399E30051C218 /* Debug */ = {
			isa = XCBuildConfiguration;
			buildSettings = {
				ALWAYS_EMBED_SWIFT_STANDARD_LIBRARIES = YES;
				CODE_SIGN_STYLE = Automatic;
				CURRENT_PROJECT_VERSION = 1;
				GENERATE_INFOPLIST_FILE = YES;
				MARKETING_VERSION = 1.0;
				PRODUCT_BUNDLE_IDENTIFIER = KClay.TableViewControllerAppUITests;
				PRODUCT_NAME = "$(TARGET_NAME)";
				SWIFT_EMIT_LOC_STRINGS = NO;
				SWIFT_VERSION = 5.0;
				TARGETED_DEVICE_FAMILY = "1,2";
				TEST_TARGET_NAME = TableViewControllerApp;
			};
			name = Debug;
		};
		3F3A26032BA399E30051C218 /* Release */ = {
			isa = XCBuildConfiguration;
			buildSettings = {
				ALWAYS_EMBED_SWIFT_STANDARD_LIBRARIES = YES;
				CODE_SIGN_STYLE = Automatic;
				CURRENT_PROJECT_VERSION = 1;
				GENERATE_INFOPLIST_FILE = YES;
				MARKETING_VERSION = 1.0;
				PRODUCT_BUNDLE_IDENTIFIER = KClay.TableViewControllerAppUITests;
				PRODUCT_NAME = "$(TARGET_NAME)";
				SWIFT_EMIT_LOC_STRINGS = NO;
				SWIFT_VERSION = 5.0;
				TARGETED_DEVICE_FAMILY = "1,2";
				TEST_TARGET_NAME = TableViewControllerApp;
			};
			name = Release;
		};
/* End XCBuildConfiguration section */

/* Begin XCConfigurationList section */
		3F3A25CC2BA399E00051C218 /* Build configuration list for PBXProject "TableViewControllerApp" */ = {
			isa = XCConfigurationList;
			buildConfigurations = (
				3F3A25F92BA399E30051C218 /* Debug */,
				3F3A25FA2BA399E30051C218 /* Release */,
			);
			defaultConfigurationIsVisible = 0;
			defaultConfigurationName = Release;
		};
		3F3A25FB2BA399E30051C218 /* Build configuration list for PBXNativeTarget "TableViewControllerApp" */ = {
			isa = XCConfigurationList;
			buildConfigurations = (
				3F3A25FC2BA399E30051C218 /* Debug */,
				3F3A25FD2BA399E30051C218 /* Release */,
			);
			defaultConfigurationIsVisible = 0;
			defaultConfigurationName = Release;
		};
		3F3A25FE2BA399E30051C218 /* Build configuration list for PBXNativeTarget "TableViewControllerAppTests" */ = {
			isa = XCConfigurationList;
			buildConfigurations = (
				3F3A25FF2BA399E30051C218 /* Debug */,
				3F3A26002BA399E30051C218 /* Release */,
			);
			defaultConfigurationIsVisible = 0;
			defaultConfigurationName = Release;
		};
		3F3A26012BA399E30051C218 /* Build configuration list for PBXNativeTarget "TableViewControllerAppUITests" */ = {
			isa = XCConfigurationList;
			buildConfigurations = (
				3F3A26022BA399E30051C218 /* Debug */,
				3F3A26032BA399E30051C218 /* Release */,
			);
			defaultConfigurationIsVisible = 0;
			defaultConfigurationName = Release;
		};
/* End XCConfigurationList section */
	};
	rootObject = 3F3A25C92BA399E00051C218 /* Project object */;
}
